{
  "name": "time-stretch",
  "version": "1.1.0",
  "lockfileVersion": 3,
  "requires": true,
  "packages": {
    "": {
      "name": "time-stretch",
      "version": "1.1.0",
      "license": "MIT",
      "dependencies": {
        "fourier-transform": "^2.0.0",
        "window-function": "^3.0.0"
      },
      "devDependencies": {
        "audio-lena": "^3.0.0",
        "tst": "^9.4.0",
        "wavefont": "^3.5.0"
      },
      "engines": {
        "node": ">=18"
      }
    },
    "node_modules/audio-lena": {
      "version": "3.0.0",
      "resolved": "https://registry.npmjs.org/audio-lena/-/audio-lena-3.0.0.tgz",
      "integrity": "sha512-rRXVO5Yx5u4Aeg30mRdVNTYINXaUmOOYssFHnpA6uZkwm9PC7MDhRIycdAdze3c96cNtZCOqcezuaAa46Sg61A==",
      "dev": true,
      "license": "MIT"
    },
    "node_modules/fourier-transform": {
      "version": "2.2.0",
      "resolved": "https://registry.npmjs.org/fourier-transform/-/fourier-transform-2.2.0.tgz",
      "integrity": "sha512-IMFCIoZycT+8btxocpqAfVBpLtfLgQ/Y0w8KvX4iPT8C2Y+aAXz49kK4Gvaogfqz0lZiBpwAk2z10Grfyg5Buw==",
      "license": "MIT"
    },
    "node_modules/tst": {
      "version": "9.4.0",
      "resolved": "https://registry.npmjs.org/tst/-/tst-9.4.0.tgz",
      "integrity": "sha512-LFC1yasMqhvL9hBJdA07nozlfS1RGy/7uiBCwRZcQH9zB4+n7XpxwYszzK//WQ2JVOLAUgU3d8ABEcrFLZE0vg==",
      "dev": true,
      "license": "MIT"
    },
    "node_modules/wavefont": {
      "version": "3.5.0",
      "resolved": "https://registry.npmjs.org/wavefont/-/wavefont-3.5.0.tgz",
      "integrity": "sha512-INwf9DhMKMGmvGvyPshAcsV7YyzJQDEiFvkJkpj1Cws5LiiT2ubhiWqXIi8KkBQRCL0y0ezEo/GHTLoV0VhKnQ==",
      "dev": true,
      "license": "MIT"
    },
    "node_modules/window-function": {
      "version": "3.0.0",
      "resolved": "https://registry.npmjs.org/window-function/-/window-function-3.0.0.tgz",
      "integrity": "sha512-aAVynK4nAKzO52KFRN1h0Wff9mvbQc9PIsV6aiCLG8jtJGsHC4C3UD+7yL26OgNb19lb/0Cb+6l9AIZaNW/QRg==",
      "license": "MIT",
      "engines": {
        "node": ">=18"
      }
    }
  }
}
