{
  "name": "time-stretch",
  "version": "1.1.0",
  "lockfileVersion": 3,
  "requires": true,
  "packages": {
    "": {
      "name": "time-stretch",
      "version": "1.1.0",
      "license": "MIT",
      "dependencies": {
        "fourier-transform": "^2.0.0"
      },
      "devDependencies": {
        "audio-lena": "^3.0.0",
        "playwright": "^1.59.1",
        "tst": "^9.4.0",
        "wavefont": "^3.5.0"
      },
      "engines": {
        "node": ">=18"
      }
    },
    "node_modules/audio-lena": {
      "version": "3.0.0",
      "resolved": "https://registry.npmjs.org/audio-lena/-/audio-lena-3.0.0.tgz",
      "integrity": "sha512-rRXVO5Yx5u4Aeg30mRdVNTYINXaUmOOYssFHnpA6uZkwm9PC7MDhRIycdAdze3c96cNtZCOqcezuaAa46Sg61A==",
      "dev": true,
      "license": "MIT"
    },
    "node_modules/fourier-transform": {
      "version": "2.2.0",
      "resolved": "https://registry.npmjs.org/fourier-transform/-/fourier-transform-2.2.0.tgz",
      "integrity": "sha512-IMFCIoZycT+8btxocpqAfVBpLtfLgQ/Y0w8KvX4iPT8C2Y+aAXz49kK4Gvaogfqz0lZiBpwAk2z10Grfyg5Buw==",
      "license": "MIT"
    },
    "node_modules/fsevents": {
      "version": "2.3.2",
      "resolved": "https://registry.npmjs.org/fsevents/-/fsevents-2.3.2.tgz",
      "integrity": "sha512-xiqMQR4xAeHTuB9uWm+fFRcIOgKBMiOBP+eXiyT7jsgVCq1bkVygt00oASowB7EdtpOHaaPgKt812P9ab+DDKA==",
      "dev": true,
      "hasInstallScript": true,
      "license": "MIT",
      "optional": true,
      "os": [
        "darwin"
      ],
      "engines": {
        "node": "^8.16.0 || ^10.6.0 || >=11.0.0"
      }
    },
    "node_modules/playwright": {
      "version": "1.59.1",
      "resolved": "https://registry.npmjs.org/playwright/-/playwright-1.59.1.tgz",
      "integrity": "sha512-C8oWjPR3F81yljW9o5OxcWzfh6avkVwDD2VYdwIGqTkl+OGFISgypqzfu7dOe4QNLL2aqcWBmI3PMtLIK233lw==",
      "dev": true,
      "license": "Apache-2.0",
      "dependencies": {
        "playwright-core": "1.59.1"
      },
      "bin": {
        "playwright": "cli.js"
      },
      "engines": {
        "node": ">=18"
      },
      "optionalDependencies": {
        "fsevents": "2.3.2"
      }
    },
    "node_modules/playwright-core": {
      "version": "1.59.1",
      "resolved": "https://registry.npmjs.org/playwright-core/-/playwright-core-1.59.1.tgz",
      "integrity": "sha512-HBV/RJg81z5BiiZ9yPzIiClYV/QMsDCKUyogwH9p3MCP6IYjUFu/MActgYAvK0oWyV9NlwM3GLBjADyWgydVyg==",
      "dev": true,
      "license": "Apache-2.0",
      "bin": {
        "playwright-core": "cli.js"
      },
      "engines": {
        "node": ">=18"
      }
    },
    "node_modules/tst": {
      "version": "9.4.0",
      "resolved": "https://registry.npmjs.org/tst/-/tst-9.4.0.tgz",
      "integrity": "sha512-LFC1yasMqhvL9hBJdA07nozlfS1RGy/7uiBCwRZcQH9zB4+n7XpxwYszzK//WQ2JVOLAUgU3d8ABEcrFLZE0vg==",
      "dev": true,
      "license": "MIT"
    },
    "node_modules/wavefont": {
      "version": "3.5.0",
      "resolved": "https://registry.npmjs.org/wavefont/-/wavefont-3.5.0.tgz",
      "integrity": "sha512-INwf9DhMKMGmvGvyPshAcsV7YyzJQDEiFvkJkpj1Cws5LiiT2ubhiWqXIi8KkBQRCL0y0ezEo/GHTLoV0VhKnQ==",
      "dev": true,
      "license": "MIT"
    }
  }
}
